<?xml version="1.0" encoding="utf-8"?>
<Project ToolsVersion="4.0" xmlns="http://schemas.microsoft.com/developer/msbuild/2003">
  <ItemGroup>
    <Filter Include="Исходные файлы">
      <UniqueIdentifier>{4FC737F1-C7A5-4376-A066-2A32D752A2FF}</UniqueIdentifier>
      <Extensions>cpp;c;cc;cxx;c++;cppm;ixx;def;odl;idl;hpj;bat;asm;asmx</Extensions>
    </Filter>
    <Filter Include="Файлы заголовков">
      <UniqueIdentifier>{93995380-89BD-4b04-88EB-625FBE52EBFB}</UniqueIdentifier>
      <Extensions>h;hh;hpp;hxx;h++;hm;inl;inc;ipp;xsd</Extensions>
    </Filter>
    <Filter Include="Файлы ресурсов">
      <UniqueIdentifier>{67DA6AB6-F800-4c08-8B7A-83BB121AAD01}</UniqueIdentifier>
      <Extensions>rc;ico;cur;bmp;dlg;rc2;rct;bin;rgs;gif;jpg;jpeg;jpe;resx;tiff;tif;png;wav;mfcribbon-ms</Extensions>
    </Filter>
  </ItemGroup>
  <ItemGroup>
    <ClCompile Include="boevic.cpp">
      <Filter>Исходные файлы</Filter>
    </ClCompile>
    <ClCompile Include="detectiv.cpp">
      <Filter>Исходные файлы</Filter>
    </ClCompile>
    <ClCompile Include="drama.cpp">
      <Filter>Исходные файлы</Filter>
    </ClCompile>
    <ClCompile Include="fantasy.cpp">
      <Filter>Исходные файлы</Filter>
    </ClCompile>
    <ClCompile Include="ganr.cpp">
      <Filter>Исходные файлы</Filter>
    </ClCompile>
    <ClCompile Include="melodrama.cpp">
      <Filter>Исходные файлы</Filter>
    </ClCompile>
    <ClCompile Include="menu.cpp">
      <Filter>Исходные файлы</Filter>
    </ClCompile>
    <ClCompile Include="romantic.cpp">
      <Filter>Исходные файлы</Filter>
    </ClCompile>
    <ClCompile Include="textfile.cpp">
      <Filter>Исходные файлы</Filter>
    </ClCompile>
    <ClCompile Include="Курсовая работа.cpp">
      <Filter>Исходные файлы</Filter>
    </ClCompile>
    <ClCompile Include="algoritm.cpp">
      <Filter>Исходные файлы</Filter>
    </ClCompile>
    <ClCompile Include="shablon.cpp">
      <Filter>Исходные файлы</Filter>
    </ClCompile>
    <ClCompile Include="iterat.cpp">
      <Filter>Исходные файлы</Filter>
    </ClCompile>
  </ItemGroup>
  <ItemGroup>
    <ClInclude Include="boevic.h">
      <Filter>Файлы заголовков</Filter>
    </ClInclude>
    <ClInclude Include="detectiv.h">
      <Filter>Файлы заголовков</Filter>
    </ClInclude>
    <ClInclude Include="drama.h">
      <Filter>Файлы заголовков</Filter>
    </ClInclude>
    <ClInclude Include="exp.h">
      <Filter>Файлы заголовков</Filter>
    </ClInclude>
    <ClInclude Include="fantasy.h">
      <Filter>Файлы заголовков</Filter>
    </ClInclude>
    <ClInclude Include="file.h">
      <Filter>Файлы заголовков</Filter>
    </ClInclude>
    <ClInclude Include="ganr.h">
      <Filter>Файлы заголовков</Filter>
    </ClInclude>
    <ClInclude Include="melodrama.h">
      <Filter>Файлы заголовков</Filter>
    </ClInclude>
    <ClInclude Include="menu.h">
      <Filter>Файлы заголовков</Filter>
    </ClInclude>
    <ClInclude Include="romantic.h">
      <Filter>Файлы заголовков</Filter>
    </ClInclude>
    <ClInclude Include="shablon.h">
      <Filter>Файлы заголовков</Filter>
    </ClInclude>
    <ClInclude Include="textfile.h">
      <Filter>Файлы заголовков</Filter>
    </ClInclude>
    <ClInclude Include="mymain.h">
      <Filter>Файлы заголовков</Filter>
    </ClInclude>
    <ClInclude Include="algoritm.h">
      <Filter>Файлы заголовков</Filter>
    </ClInclude>
    <ClInclude Include="iterat.h">
      <Filter>Файлы заголовков</Filter>
    </ClInclude>
  </ItemGroup>
</Project>